
Microsoft Visual Studio Solution File, Format Version 12.00
# Visual Studio Version 17
VisualStudioVersion = 17.3.32811.315
MinimumVisualStudioVersion = 10.0.40219.1
Project("{9A19103F-16F7-4668-BE54-9A1E7A4F7556}") = "WpfApp1", "WpfApp1\WpfApp1.csproj", "{FBD8D709-5B49-4AB4-AF87-65AB29D7C343}"
EndProject
Global
	GlobalSection(SolutionConfigurationPlatforms) = preSolution
		Debug|Any CPU = Debug|Any CPU
		Debug|x64 = Debug|x64
		Release|Any CPU = Release|Any CPU
		Release|x64 = Release|x64
	EndGlobalSection
	GlobalSection(ProjectConfigurationPlatforms) = postSolution
		{FBD8D709-5B49-4AB4-AF87-65AB29D7C343}.Debug|Any CPU.ActiveCfg = Debug|Any CPU
		{FBD8D709-5B49-4AB4-AF87-65AB29D7C343}.Debug|Any CPU.Build.0 = Debug|Any CPU
		{FBD8D709-5B49-4AB4-AF87-65AB29D7C343}.Debug|x64.ActiveCfg = Debug|x64
		{FBD8D709-5B49-4AB4-AF87-65AB29D7C343}.Debug|x64.Build.0 = Debug|x64
		{FBD8D709-5B49-4AB4-AF87-65AB29D7C343}.Release|Any CPU.ActiveCfg = Release|Any CPU
		{FBD8D709-5B49-4AB4-AF87-65AB29D7C343}.Release|Any CPU.Build.0 = Release|Any CPU
		{FBD8D709-5B49-4AB4-AF87-65AB29D7C343}.Release|x64.ActiveCfg = Release|x64
		{FBD8D709-5B49-4AB4-AF87-65AB29D7C343}.Release|x64.Build.0 = Release|x64
	EndGlobalSection
	GlobalSection(SolutionProperties) = preSolution
		HideSolutionNode = FALSE
	EndGlobalSection
	GlobalSection(ExtensibilityGlobals) = postSolution
		SolutionGuid = {7185A363-2528-4470-8B4F-14A9FF77224D}
	EndGlobalSection
EndGlobal
